<?xml version="1.0" encoding="utf-8"?>
<Project ToolsVersion="4.0" xmlns="http://schemas.microsoft.com/developer/msbuild/2003">
  <ItemGroup>
    <Filter Include="Source Files">
      <UniqueIdentifier>{4FC737F1-C7A5-4376-A066-2A32D752A2FF}</UniqueIdentifier>
      <Extensions>cpp;c;cc;cxx;def;odl;idl;hpj;bat;asm;asmx</Extensions>
    </Filter>
    <Filter Include="Header Files">
      <UniqueIdentifier>{93995380-89BD-4b04-88EB-625FBE52EBFB}</UniqueIdentifier>
      <Extensions>h;hh;hpp;hxx;hm;inl;inc;xsd</Extensions>
    </Filter>
    <Filter Include="Resource Files">
      <UniqueIdentifier>{67DA6AB6-F800-4c08-8B7A-83BB121AAD01}</UniqueIdentifier>
      <Extensions>rc;ico;cur;bmp;dlg;rc2;rct;bin;rgs;gif;jpg;jpeg;jpe;resx;tiff;tif;png;wav</Extensions>
    </Filter>
    <Filter Include="Source Files\ChapterOneCpp">
      <UniqueIdentifier>{a552ef60-618e-4821-8ae0-ae59548f197f}</UniqueIdentifier>
    </Filter>
    <Filter Include="Header Files\ChapterOneHead">
      <UniqueIdentifier>{f380aa7e-8e31-4917-98be-83678cc9e0af}</UniqueIdentifier>
    </Filter>
    <Filter Include="Source Files\UtilCpp">
      <UniqueIdentifier>{8e846be6-42f0-4b00-94ed-1ada389cafde}</UniqueIdentifier>
    </Filter>
    <Filter Include="Header Files\UtilHead">
      <UniqueIdentifier>{9ef1987d-fe39-421c-94bd-791d71be0ef4}</UniqueIdentifier>
    </Filter>
    <Filter Include="Source Files\ChapterTwoCpp">
      <UniqueIdentifier>{8cbd8997-2105-40b1-8809-31618158fd1f}</UniqueIdentifier>
    </Filter>
    <Filter Include="Header Files\ChapterTwoHead">
      <UniqueIdentifier>{7ff9e50c-49ae-4b57-8890-830be830484f}</UniqueIdentifier>
    </Filter>
    <Filter Include="Source Files\ChapterThreeCpp">
      <UniqueIdentifier>{3160f66b-de65-4d5f-947d-9df17b439d26}</UniqueIdentifier>
    </Filter>
    <Filter Include="Header Files\ChapterThreeHead">
      <UniqueIdentifier>{e476c706-cb62-4b62-819a-be92df5d5268}</UniqueIdentifier>
    </Filter>
  </ItemGroup>
  <ItemGroup>
    <ClCompile Include="main.cpp">
      <Filter>Source Files</Filter>
    </ClCompile>
    <ClCompile Include="Primer_1_2.cpp">
      <Filter>Source Files\ChapterOneCpp</Filter>
    </ClCompile>
    <ClCompile Include="Primer_1_4_1.cpp">
      <Filter>Source Files\ChapterOneCpp</Filter>
    </ClCompile>
    <ClCompile Include="Primer_1_4_2.cpp">
      <Filter>Source Files\ChapterOneCpp</Filter>
    </ClCompile>
    <ClCompile Include="Primer_1_4_3.cpp">
      <Filter>Source Files\ChapterOneCpp</Filter>
    </ClCompile>
    <ClCompile Include="Primer_1_4_4.cpp">
      <Filter>Source Files\ChapterOneCpp</Filter>
    </ClCompile>
    <ClCompile Include="Primer_1_5_1.cpp">
      <Filter>Source Files\ChapterOneCpp</Filter>
    </ClCompile>
    <ClCompile Include="Primer_1_5_2.cpp">
      <Filter>Source Files\ChapterOneCpp</Filter>
    </ClCompile>
    <ClCompile Include="Primer_1_6.cpp">
      <Filter>Source Files\ChapterOneCpp</Filter>
    </ClCompile>
    <ClCompile Include="PrimerExercises_1_3.cpp">
      <Filter>Source Files\ChapterOneCpp</Filter>
    </ClCompile>
    <ClCompile Include="PrimerExercises_1_4.cpp">
      <Filter>Source Files\ChapterOneCpp</Filter>
    </ClCompile>
    <ClCompile Include="PrimerExercises_1_5.cpp">
      <Filter>Source Files\ChapterOneCpp</Filter>
    </ClCompile>
    <ClCompile Include="PrimerExercises_1_9.cpp">
      <Filter>Source Files\ChapterOneCpp</Filter>
    </ClCompile>
    <ClCompile Include="PrimerExercises_1_10.cpp">
      <Filter>Source Files\ChapterOneCpp</Filter>
    </ClCompile>
    <ClCompile Include="PrimerExercises_1_11.cpp">
      <Filter>Source Files\ChapterOneCpp</Filter>
    </ClCompile>
    <ClCompile Include="PrimerExercises_1_13_1.cpp">
      <Filter>Source Files\ChapterOneCpp</Filter>
    </ClCompile>
    <ClCompile Include="PrimerExercises_1_13_2.cpp">
      <Filter>Source Files\ChapterOneCpp</Filter>
    </ClCompile>
    <ClCompile Include="PrimerExercises_1_13_3.cpp">
      <Filter>Source Files\ChapterOneCpp</Filter>
    </ClCompile>
    <ClCompile Include="PrimerExercises_1_16.cpp">
      <Filter>Source Files\ChapterOneCpp</Filter>
    </ClCompile>
    <ClCompile Include="PrimerExercises_1_18.cpp">
      <Filter>Source Files\ChapterOneCpp</Filter>
    </ClCompile>
    <ClCompile Include="PrimerExercises_1_19.cpp">
      <Filter>Source Files\ChapterOneCpp</Filter>
    </ClCompile>
    <ClCompile Include="PrimerExercises_1_20.cpp">
      <Filter>Source Files\ChapterOneCpp</Filter>
    </ClCompile>
    <ClCompile Include="PrimerExercises_1_21.cpp">
      <Filter>Source Files\ChapterOneCpp</Filter>
    </ClCompile>
    <ClCompile Include="PrimerExercises_1_22.cpp">
      <Filter>Source Files\ChapterOneCpp</Filter>
    </ClCompile>
    <ClCompile Include="PrimerExercises_1_23.cpp">
      <Filter>Source Files\ChapterOneCpp</Filter>
    </ClCompile>
    <ClCompile Include="UtilMod.cpp">
      <Filter>Source Files\UtilCpp</Filter>
    </ClCompile>
    <ClCompile Include="Primer_2_6_1.cpp">
      <Filter>Source Files\ChapterTwoCpp</Filter>
    </ClCompile>
    <ClCompile Include="Primer_2_6_2.cpp">
      <Filter>Source Files\ChapterTwoCpp</Filter>
    </ClCompile>
    <ClCompile Include="PrimerExercises_2_3.cpp">
      <Filter>Source Files\ChapterTwoCpp</Filter>
    </ClCompile>
    <ClCompile Include="PrimerExercises_2_18.cpp">
      <Filter>Source Files\ChapterTwoCpp</Filter>
    </ClCompile>
    <ClCompile Include="PrimerExercises_2_34.cpp">
      <Filter>Source Files\ChapterTwoCpp</Filter>
    </ClCompile>
    <ClCompile Include="PrimerExercises_2_35.cpp">
      <Filter>Source Files\ChapterTwoCpp</Filter>
    </ClCompile>
    <ClCompile Include="PrimerExercises_2_36.cpp">
      <Filter>Source Files\ChapterTwoCpp</Filter>
    </ClCompile>
    <ClCompile Include="PrimerExercises_2_37.cpp">
      <Filter>Source Files\ChapterTwoCpp</Filter>
    </ClCompile>
    <ClCompile Include="Primer_3_3_3.cpp">
      <Filter>Source Files\ChapterThreeCpp</Filter>
    </ClCompile>
    <ClCompile Include="Primer_3_6.cpp">
      <Filter>Source Files\ChapterThreeCpp</Filter>
    </ClCompile>
    <ClCompile Include="Primer_3_7.cpp">
      <Filter>Source Files\ChapterThreeCpp</Filter>
    </ClCompile>
    <ClCompile Include="Primer_3_8.cpp">
      <Filter>Source Files\ChapterThreeCpp</Filter>
    </ClCompile>
    <ClCompile Include="Primer_3_10.cpp">
      <Filter>Source Files\ChapterThreeCpp</Filter>
    </ClCompile>
    <ClCompile Include="Primer_3_14.cpp">
      <Filter>Source Files\ChapterThreeCpp</Filter>
    </ClCompile>
    <ClCompile Include="Primer_3_15.cpp">
      <Filter>Source Files\ChapterThreeCpp</Filter>
    </ClCompile>
    <ClCompile Include="PrimerExercises_3_2.cpp">
      <Filter>Source Files\ChapterThreeCpp</Filter>
    </ClCompile>
    <ClCompile Include="PrimerExercises_3_4.cpp">
      <Filter>Source Files\ChapterThreeCpp</Filter>
    </ClCompile>
    <ClCompile Include="PrimerExercises_3_5.cpp">
      <Filter>Source Files\ChapterThreeCpp</Filter>
    </ClCompile>
    <ClCompile Include="PrimerExercises_3_16.cpp">
      <Filter>Source Files\ChapterThreeCpp</Filter>
    </ClCompile>
    <ClCompile Include="PrimerExercises_3_17.cpp">
      <Filter>Source Files\ChapterThreeCpp</Filter>
    </ClCompile>
    <ClCompile Include="PrimerExercises_3_20.cpp">
      <Filter>Source Files\ChapterThreeCpp</Filter>
    </ClCompile>
    <ClCompile Include="PrimerExercises_3_21.cpp">
      <Filter>Source Files\ChapterThreeCpp</Filter>
    </ClCompile>
    <ClCompile Include="PrimerExercises_3_22.cpp">
      <Filter>Source Files\ChapterThreeCpp</Filter>
    </ClCompile>
    <ClCompile Include="PrimerExercises_3_23.cpp">
      <Filter>Source Files\ChapterThreeCpp</Filter>
    </ClCompile>
    <ClCompile Include="PrimerExercises_3_24.cpp">
      <Filter>Source Files\ChapterThreeCpp</Filter>
    </ClCompile>
    <ClCompile Include="PrimerExercises_3_25.cpp">
      <Filter>Source Files\ChapterThreeCpp</Filter>
    </ClCompile>
    <ClCompile Include="PrimerExercises_3_31.cpp">
      <Filter>Source Files\ChapterThreeCpp</Filter>
    </ClCompile>
    <ClCompile Include="PrimerExercises_3_32.cpp">
      <Filter>Source Files\ChapterThreeCpp</Filter>
    </ClCompile>
    <ClCompile Include="PrimerExercises_3_35.cpp">
      <Filter>Source Files\ChapterThreeCpp</Filter>
    </ClCompile>
    <ClCompile Include="PrimerExercises_3_36.cpp">
      <Filter>Source Files\ChapterThreeCpp</Filter>
    </ClCompile>
    <ClCompile Include="PrimerExercises_3_39.cpp">
      <Filter>Source Files\ChapterThreeCpp</Filter>
    </ClCompile>
    <ClCompile Include="PrimerExercises_3_40.cpp">
      <Filter>Source Files\ChapterThreeCpp</Filter>
    </ClCompile>
    <ClCompile Include="PrimerExercises_3_41.cpp">
      <Filter>Source Files\ChapterThreeCpp</Filter>
    </ClCompile>
    <ClCompile Include="PrimerExercises_3_42.cpp">
      <Filter>Source Files\ChapterThreeCpp</Filter>
    </ClCompile>
    <ClCompile Include="PrimerExercises_3_43.cpp">
      <Filter>Source Files\ChapterThreeCpp</Filter>
    </ClCompile>
    <ClCompile Include="PrimerExercises_3_44.cpp">
      <Filter>Source Files\ChapterThreeCpp</Filter>
    </ClCompile>
    <ClCompile Include="PrimerExercises_3_45.cpp">
      <Filter>Source Files\ChapterThreeCpp</Filter>
    </ClCompile>
  </ItemGroup>
  <ItemGroup>
    <ClInclude Include="Sales_item.h">
      <Filter>Header Files</Filter>
    </ClInclude>
    <ClInclude Include="resource.h">
      <Filter>Header Files</Filter>
    </ClInclude>
    <ClInclude Include="Primer_1_2.h">
      <Filter>Header Files\ChapterOneHead</Filter>
    </ClInclude>
    <ClInclude Include="Primer_1_4_1.h">
      <Filter>Header Files\ChapterOneHead</Filter>
    </ClInclude>
    <ClInclude Include="Primer_1_4_2.h">
      <Filter>Header Files\ChapterOneHead</Filter>
    </ClInclude>
    <ClInclude Include="Primer_1_4_3.h">
      <Filter>Header Files\ChapterOneHead</Filter>
    </ClInclude>
    <ClInclude Include="Primer_1_4_4.h">
      <Filter>Header Files\ChapterOneHead</Filter>
    </ClInclude>
    <ClInclude Include="Primer_1_5_1.h">
      <Filter>Header Files\ChapterOneHead</Filter>
    </ClInclude>
    <ClInclude Include="Primer_1_5_2.h">
      <Filter>Header Files\ChapterOneHead</Filter>
    </ClInclude>
    <ClInclude Include="Primer_1_6.h">
      <Filter>Header Files\ChapterOneHead</Filter>
    </ClInclude>
    <ClInclude Include="PrimerExercises_1_3.h">
      <Filter>Header Files\ChapterOneHead</Filter>
    </ClInclude>
    <ClInclude Include="PrimerExercises_1_4.h">
      <Filter>Header Files\ChapterOneHead</Filter>
    </ClInclude>
    <ClInclude Include="PrimerExercises_1_5.h">
      <Filter>Header Files\ChapterOneHead</Filter>
    </ClInclude>
    <ClInclude Include="PrimerExercises_1_9.h">
      <Filter>Header Files\ChapterOneHead</Filter>
    </ClInclude>
    <ClInclude Include="PrimerExercises_1_10.h">
      <Filter>Header Files\ChapterOneHead</Filter>
    </ClInclude>
    <ClInclude Include="PrimerExercises_1_11.h">
      <Filter>Header Files\ChapterOneHead</Filter>
    </ClInclude>
    <ClInclude Include="PrimerExercises_1_13_1.h">
      <Filter>Header Files\ChapterOneHead</Filter>
    </ClInclude>
    <ClInclude Include="PrimerExercises_1_13_2.h">
      <Filter>Header Files\ChapterOneHead</Filter>
    </ClInclude>
    <ClInclude Include="PrimerExercises_1_13_3.h">
      <Filter>Header Files\ChapterOneHead</Filter>
    </ClInclude>
    <ClInclude Include="PrimerExercises_1_16.h">
      <Filter>Header Files\ChapterOneHead</Filter>
    </ClInclude>
    <ClInclude Include="PrimerExercises_1_18.h">
      <Filter>Header Files\ChapterOneHead</Filter>
    </ClInclude>
    <ClInclude Include="PrimerExercises_1_19.h">
      <Filter>Header Files\ChapterOneHead</Filter>
    </ClInclude>
    <ClInclude Include="PrimerExercises_1_20.h">
      <Filter>Header Files\ChapterOneHead</Filter>
    </ClInclude>
    <ClInclude Include="PrimerExercises_1_21.h">
      <Filter>Header Files\ChapterOneHead</Filter>
    </ClInclude>
    <ClInclude Include="PrimerExercises_1_22.h">
      <Filter>Header Files\ChapterOneHead</Filter>
    </ClInclude>
    <ClInclude Include="PrimerExercises_1_23.h">
      <Filter>Header Files\ChapterOneHead</Filter>
    </ClInclude>
    <ClInclude Include="UtilMod.h">
      <Filter>Header Files\UtilHead</Filter>
    </ClInclude>
    <ClInclude Include="Primer_2_6_1.h">
      <Filter>Header Files\ChapterTwoHead</Filter>
    </ClInclude>
    <ClInclude Include="Primer_2_6_2.h">
      <Filter>Header Files\ChapterTwoHead</Filter>
    </ClInclude>
    <ClInclude Include="PrimerExercises_2_3.h">
      <Filter>Header Files\ChapterTwoHead</Filter>
    </ClInclude>
    <ClInclude Include="PrimerExercises_2_18.h">
      <Filter>Header Files\ChapterTwoHead</Filter>
    </ClInclude>
    <ClInclude Include="PrimerExercises_2_34.h">
      <Filter>Header Files\ChapterTwoHead</Filter>
    </ClInclude>
    <ClInclude Include="PrimerExercises_2_35.h">
      <Filter>Header Files\ChapterTwoHead</Filter>
    </ClInclude>
    <ClInclude Include="PrimerExercises_2_36.h">
      <Filter>Header Files\ChapterTwoHead</Filter>
    </ClInclude>
    <ClInclude Include="PrimerExercises_2_37.h">
      <Filter>Header Files\ChapterTwoHead</Filter>
    </ClInclude>
    <ClInclude Include="Primer_3_3_3.h">
      <Filter>Header Files\ChapterThreeHead</Filter>
    </ClInclude>
    <ClInclude Include="Primer_3_6.h">
      <Filter>Header Files\ChapterThreeHead</Filter>
    </ClInclude>
    <ClInclude Include="Primer_3_7.h">
      <Filter>Header Files\ChapterThreeHead</Filter>
    </ClInclude>
    <ClInclude Include="Primer_3_8.h">
      <Filter>Header Files\ChapterThreeHead</Filter>
    </ClInclude>
    <ClInclude Include="Primer_3_10.h">
      <Filter>Header Files\ChapterThreeHead</Filter>
    </ClInclude>
    <ClInclude Include="Primer_3_14.h">
      <Filter>Header Files\ChapterThreeHead</Filter>
    </ClInclude>
    <ClInclude Include="Primer_3_15.h">
      <Filter>Header Files\ChapterThreeHead</Filter>
    </ClInclude>
    <ClInclude Include="PrimerExercises_3_2.h">
      <Filter>Header Files\ChapterThreeHead</Filter>
    </ClInclude>
    <ClInclude Include="PrimerExercises_3_4.h">
      <Filter>Header Files\ChapterThreeHead</Filter>
    </ClInclude>
    <ClInclude Include="PrimerExercises_3_5.h">
      <Filter>Header Files\ChapterThreeHead</Filter>
    </ClInclude>
    <ClInclude Include="PrimerExercises_3_16.h">
      <Filter>Header Files\ChapterThreeHead</Filter>
    </ClInclude>
    <ClInclude Include="PrimerExercises_3_17.h">
      <Filter>Header Files\ChapterThreeHead</Filter>
    </ClInclude>
    <ClInclude Include="PrimerExercises_3_20.h">
      <Filter>Header Files\ChapterThreeHead</Filter>
    </ClInclude>
    <ClInclude Include="PrimerExercises_3_21.h">
      <Filter>Header Files\ChapterThreeHead</Filter>
    </ClInclude>
    <ClInclude Include="PrimerExercises_3_22.h">
      <Filter>Header Files\ChapterThreeHead</Filter>
    </ClInclude>
    <ClInclude Include="PrimerExercises_3_23.h">
      <Filter>Header Files\ChapterThreeHead</Filter>
    </ClInclude>
    <ClInclude Include="PrimerExercises_3_24.h">
      <Filter>Header Files\ChapterThreeHead</Filter>
    </ClInclude>
    <ClInclude Include="PrimerExercises_3_25.h">
      <Filter>Header Files\ChapterThreeHead</Filter>
    </ClInclude>
    <ClInclude Include="PrimerExercises_3_31.h">
      <Filter>Header Files\ChapterThreeHead</Filter>
    </ClInclude>
    <ClInclude Include="PrimerExercises_3_32.h">
      <Filter>Header Files\ChapterThreeHead</Filter>
    </ClInclude>
    <ClInclude Include="PrimerExercises_3_35.h">
      <Filter>Header Files\ChapterThreeHead</Filter>
    </ClInclude>
    <ClInclude Include="PrimerExercises_3_36.h">
      <Filter>Header Files\ChapterThreeHead</Filter>
    </ClInclude>
    <ClInclude Include="PrimerExercises_3_39.h">
      <Filter>Header Files\ChapterThreeHead</Filter>
    </ClInclude>
    <ClInclude Include="PrimerExercises_3_40.h">
      <Filter>Header Files\ChapterThreeHead</Filter>
    </ClInclude>
    <ClInclude Include="PrimerExercises_3_41.h">
      <Filter>Header Files\ChapterThreeHead</Filter>
    </ClInclude>
    <ClInclude Include="PrimerExercises_3_42.h">
      <Filter>Header Files\ChapterThreeHead</Filter>
    </ClInclude>
    <ClInclude Include="PrimerExercises_3_43.h">
      <Filter>Header Files\ChapterThreeHead</Filter>
    </ClInclude>
    <ClInclude Include="PrimerExercises_3_44.h">
      <Filter>Header Files\ChapterThreeHead</Filter>
    </ClInclude>
    <ClInclude Include="PrimerExercises_3_45.h">
      <Filter>Header Files\ChapterThreeHead</Filter>
    </ClInclude>
  </ItemGroup>
  <ItemGroup>
    <ResourceCompile Include="CppPrimer.rc">
      <Filter>Resource Files</Filter>
    </ResourceCompile>
  </ItemGroup>
</Project>